
Microsoft Visual Studio Solution File, Format Version 12.00
# Visual Studio Version 16
VisualStudioVersion = 16.0.31025.194
MinimumVisualStudioVersion = 10.0.40219.1
Project("{FAE04EC0-301F-11D3-BF4B-00C04F79EFBC}") = "Repl", "Repl.csproj", "{858B43DA-9DAB-4570-B6E6-522F291CCDFE}"
EndProject
Global
	GlobalSection(SolutionConfigurationPlatforms) = preSolution
		Debug|Any CPU = Debug|Any CPU
		Release|Any CPU = Release|Any CPU
	EndGlobalSection
	GlobalSection(ProjectConfigurationPlatforms) = postSolution
		{858B43DA-9DAB-4570-B6E6-522F291CCDFE}.Debug|Any CPU.ActiveCfg = Debug|Any CPU
		{858B43DA-9DAB-4570-B6E6-522F291CCDFE}.Debug|Any CPU.Build.0 = Debug|Any CPU
		{858B43DA-9DAB-4570-B6E6-522F291CCDFE}.Release|Any CPU.ActiveCfg = Release|Any CPU
		{858B43DA-9DAB-4570-B6E6-522F291CCDFE}.Release|Any CPU.Build.0 = Release|Any CPU
	EndGlobalSection
	GlobalSection(SolutionProperties) = preSolution
		HideSolutionNode = FALSE
	EndGlobalSection
	GlobalSection(ExtensibilityGlobals) = postSolution
		SolutionGuid = {D91C0C47-477B-45B7-B621-9EE52A82B9A4}
	EndGlobalSection
EndGlobal
